
Microsoft Visual Studio Solution File, Format Version 12.00
# Visual Studio 15
VisualStudioVersion = 15.0.27703.2026
MinimumVisualStudioVersion = 10.0.40219.1
Project("{9A19103F-16F7-4668-BE54-9A1E7A4F7556}") = "WidevineDotnet", "WidevineDotnet\WidevineDotnet.csproj", "{A567E6D9-D1AC-4342-A638-11F096B5E60A}"
EndProject
Project("{2150E333-8FDC-42A3-9474-1A3956D46DE8}") = "Solution Items", "Solution Items", "{10F5EE1C-9196-493C-B595-6984A7E9B63C}"
	ProjectSection(SolutionItems) = preProject
		CHANGELOG.md = CHANGELOG.md
		README.md = README.md
	EndProjectSection
EndProject
Global
	GlobalSection(SolutionConfigurationPlatforms) = preSolution
		Debug|Any CPU = Debug|Any CPU
		Release|Any CPU = Release|Any CPU
	EndGlobalSection
	GlobalSection(ProjectConfigurationPlatforms) = postSolution
		{A567E6D9-D1AC-4342-A638-11F096B5E60A}.Debug|Any CPU.ActiveCfg = Debug|Any CPU
		{A567E6D9-D1AC-4342-A638-11F096B5E60A}.Debug|Any CPU.Build.0 = Debug|Any CPU
		{A567E6D9-D1AC-4342-A638-11F096B5E60A}.Release|Any CPU.ActiveCfg = Release|Any CPU
		{A567E6D9-D1AC-4342-A638-11F096B5E60A}.Release|Any CPU.Build.0 = Release|Any CPU
	EndGlobalSection
	GlobalSection(SolutionProperties) = preSolution
		HideSolutionNode = FALSE
	EndGlobalSection
	GlobalSection(ExtensibilityGlobals) = postSolution
		SolutionGuid = {2F4960FE-28B7-4026-9D70-EC4608BB2DCD}
	EndGlobalSection
EndGlobal
